
Microsoft Visual Studio Solution File, Format Version 12.00
# Visual Studio Version 16
VisualStudioVersion = 16.0.30503.244
MinimumVisualStudioVersion = 10.0.40219.1
Project("{FAE04EC0-301F-11D3-BF4B-00C04F79EFBC}") = "SimpleCollectionApplication2", "SimpleCollectionApplication2\SimpleCollectionApplication2.csproj", "{1BB017CA-ED55-4071-B47A-CBE6E5709BD9}"
EndProject
Global
	GlobalSection(SolutionConfigurationPlatforms) = preSolution
		Debug|Any CPU = Debug|Any CPU
		Release|Any CPU = Release|Any CPU
	EndGlobalSection
	GlobalSection(ProjectConfigurationPlatforms) = postSolution
		{1BB017CA-ED55-4071-B47A-CBE6E5709BD9}.Debug|Any CPU.ActiveCfg = Debug|Any CPU
		{1BB017CA-ED55-4071-B47A-CBE6E5709BD9}.Debug|Any CPU.Build.0 = Debug|Any CPU
		{1BB017CA-ED55-4071-B47A-CBE6E5709BD9}.Release|Any CPU.ActiveCfg = Release|Any CPU
		{1BB017CA-ED55-4071-B47A-CBE6E5709BD9}.Release|Any CPU.Build.0 = Release|Any CPU
	EndGlobalSection
	GlobalSection(SolutionProperties) = preSolution
		HideSolutionNode = FALSE
	EndGlobalSection
	GlobalSection(ExtensibilityGlobals) = postSolution
		SolutionGuid = {C088F58C-02D4-4584-B30F-E6735069419C}
	EndGlobalSection
EndGlobal
